// !$*UTF8*$!
{
	archiveVersion = 1;
	classes = {
	};
	objectVersion = 50;
	objects = {

/* Begin PBXBuildFile section */
		5406DADB20F5FEFD0065E5F7 /* OrderCell.swift in Sources */ = {isa = PBXBuildFile; fileRef = 5406DADA20F5FEFD0065E5F7 /* OrderCell.swift */; };
		5406DADD20F628820065E5F7 /* CurentOrder.swift in Sources */ = {isa = PBXBuildFile; fileRef = 5406DADC20F628810065E5F7 /* CurentOrder.swift */; };
		5406DADF20F62E1B0065E5F7 /* OrderDetailesVC.swift in Sources */ = {isa = PBXBuildFile; fileRef = 5406DADE20F62E1B0065E5F7 /* OrderDetailesVC.swift */; };
		5407EC86210A7A4D001C8CA0 /* paymentVC.swift in Sources */ = {isa = PBXBuildFile; fileRef = 5407EC85210A7A4D001C8CA0 /* paymentVC.swift */; };
		5407EC88210A7BFF001C8CA0 /* Api+DriverPayment.swift in Sources */ = {isa = PBXBuildFile; fileRef = 5407EC87210A7BFF001C8CA0 /* Api+DriverPayment.swift */; };
		54095A8220EFCFC600C83A72 /* NotifactionsVC.swift in Sources */ = {isa = PBXBuildFile; fileRef = 54095A8120EFCFC600C83A72 /* NotifactionsVC.swift */; };
		54095A8420EFCFFB00C83A72 /* NotiViewCell.swift in Sources */ = {isa = PBXBuildFile; fileRef = 54095A8320EFCFFB00C83A72 /* NotiViewCell.swift */; };
		54095A8620EFE40200C83A72 /* Api+Notifaction.swift in Sources */ = {isa = PBXBuildFile; fileRef = 54095A8520EFE40200C83A72 /* Api+Notifaction.swift */; };
		54095A8820EFE46100C83A72 /* Notifactions.swift in Sources */ = {isa = PBXBuildFile; fileRef = 54095A8720EFE46100C83A72 /* Notifactions.swift */; };
		54095A8A20F00B2F00C83A72 /* NotifactionsDetailes.swift in Sources */ = {isa = PBXBuildFile; fileRef = 54095A8920F00B2F00C83A72 /* NotifactionsDetailes.swift */; };
		5416ADFF20C3296B00DCE6E6 /* Config.swift in Sources */ = {isa = PBXBuildFile; fileRef = 5416ADFE20C3296B00DCE6E6 /* Config.swift */; };
		5416AE0220C33DE000DCE6E6 /* Helper.swift in Sources */ = {isa = PBXBuildFile; fileRef = 5416AE0120C33DE000DCE6E6 /* Helper.swift */; };
		54428E4120EEAFF200E378A6 /* BankAccountCell.swift in Sources */ = {isa = PBXBuildFile; fileRef = 54428E4020EEAFF200E378A6 /* BankAccountCell.swift */; };
		5456E22B20AE492C00A43A19 /* AppDelegate.swift in Sources */ = {isa = PBXBuildFile; fileRef = 5456E22A20AE492C00A43A19 /* AppDelegate.swift */; };
		5456E22D20AE492C00A43A19 /* LoginVc.swift in Sources */ = {isa = PBXBuildFile; fileRef = 5456E22C20AE492C00A43A19 /* LoginVc.swift */; };
		5456E23020AE492C00A43A19 /* Main.storyboard in Resources */ = {isa = PBXBuildFile; fileRef = 5456E22E20AE492C00A43A19 /* Main.storyboard */; };
		5456E23220AE493D00A43A19 /* Assets.xcassets in Resources */ = {isa = PBXBuildFile; fileRef = 5456E23120AE493D00A43A19 /* Assets.xcassets */; };
		5456E23520AE493D00A43A19 /* LaunchScreen.storyboard in Resources */ = {isa = PBXBuildFile; fileRef = 5456E23320AE493D00A43A19 /* LaunchScreen.storyboard */; };
		54663DA620DD7AA800BCCA47 /* ForgetPassVC.swift in Sources */ = {isa = PBXBuildFile; fileRef = 54663DA520DD7AA800BCCA47 /* ForgetPassVC.swift */; };
		54664F0D20AF0E3D0086C939 /* Extentions.swift in Sources */ = {isa = PBXBuildFile; fileRef = 54664F0C20AF0E3D0086C939 /* Extentions.swift */; };
		547FF00F20B0BFAE002EF1C6 /* Api+Login.swift in Sources */ = {isa = PBXBuildFile; fileRef = 547FF00E20B0BFAE002EF1C6 /* Api+Login.swift */; };
		547FF01120B0C0BD002EF1C6 /* Api+Registration.swift in Sources */ = {isa = PBXBuildFile; fileRef = 547FF01020B0C0BD002EF1C6 /* Api+Registration.swift */; };
		5489741B20EE24CA006EF1E8 /* MoreVC.swift in Sources */ = {isa = PBXBuildFile; fileRef = 5489741A20EE24CA006EF1E8 /* MoreVC.swift */; };
		5489741D20EE3491006EF1E8 /* WebViewVC.swift in Sources */ = {isa = PBXBuildFile; fileRef = 5489741C20EE3491006EF1E8 /* WebViewVC.swift */; };
		548B4D1020E8F26300839347 /* ContactUs.swift in Sources */ = {isa = PBXBuildFile; fileRef = 548B4D0F20E8F26300839347 /* ContactUs.swift */; };
		548B4D1220E8F5C800839347 /* Api+contactUs.swift in Sources */ = {isa = PBXBuildFile; fileRef = 548B4D1120E8F5C800839347 /* Api+contactUs.swift */; };
		548B4D1420E904BB00839347 /* PrivacyVC.swift in Sources */ = {isa = PBXBuildFile; fileRef = 548B4D1320E904BB00839347 /* PrivacyVC.swift */; };
		548B4D1620E9075C00839347 /* Api+BankAccount.swift in Sources */ = {isa = PBXBuildFile; fileRef = 548B4D1520E9075C00839347 /* Api+BankAccount.swift */; };
		548B4D1820E90E4200839347 /* BankAccounts.swift in Sources */ = {isa = PBXBuildFile; fileRef = 548B4D1720E90E4200839347 /* BankAccounts.swift */; };
		548DE19520C4211D00651253 /* Firebase+Extention.swift in Sources */ = {isa = PBXBuildFile; fileRef = 548DE19420C4211D00651253 /* Firebase+Extention.swift */; };
		548ED4CC20FE321A00FAF500 /* ordersModel.swift in Sources */ = {isa = PBXBuildFile; fileRef = 548ED4CB20FE321A00FAF500 /* ordersModel.swift */; };
		5494A46121069AA900AB0DE8 /* Api+Driver.swift in Sources */ = {isa = PBXBuildFile; fileRef = 5494A46021069AA900AB0DE8 /* Api+Driver.swift */; };
		549DB4EB2109174500E02FE6 /* driverModel.swift in Sources */ = {isa = PBXBuildFile; fileRef = 549DB4EA2109174500E02FE6 /* driverModel.swift */; };
		54A1C77A20D68EE7004011A3 /* actionCheet+extention.swift in Sources */ = {isa = PBXBuildFile; fileRef = 54A1C77920D68EE6004011A3 /* actionCheet+extention.swift */; };
		54B0900A20C214CB0003813C /* RegistartionVC.swift in Sources */ = {isa = PBXBuildFile; fileRef = 54B0900920C214CB0003813C /* RegistartionVC.swift */; };
		54B0C52A20CF5D04001EDDA9 /* Directions.swift in Sources */ = {isa = PBXBuildFile; fileRef = 54B0C52920CF5D04001EDDA9 /* Directions.swift */; };
		54B0C52C20CF5E97001EDDA9 /* Api+direction.swift in Sources */ = {isa = PBXBuildFile; fileRef = 54B0C52B20CF5E97001EDDA9 /* Api+direction.swift */; };
		54B17D742124784200F0816C /* chatModel.swift in Sources */ = {isa = PBXBuildFile; fileRef = 54B17D732124784200F0816C /* chatModel.swift */; };
		54B17D762124849900F0816C /* Api+Chat.swift in Sources */ = {isa = PBXBuildFile; fileRef = 54B17D752124849900F0816C /* Api+Chat.swift */; };
		54B3C1FE20C188C100EC8428 /* GradientView.swift in Sources */ = {isa = PBXBuildFile; fileRef = 54B3C1FD20C188C100EC8428 /* GradientView.swift */; };
		54B9C878210CDA5E00CC856E /* InfoPlist.strings in Resources */ = {isa = PBXBuildFile; fileRef = 54B9C876210CDA5E00CC856E /* InfoPlist.strings */; };
		54B9C87B210CDA5E00CC856E /* Localizable.strings in Resources */ = {isa = PBXBuildFile; fileRef = 54B9C879210CDA5E00CC856E /* Localizable.strings */; };
		54BC2FD120CAC89900B495D5 /* String+Extension.swift in Sources */ = {isa = PBXBuildFile; fileRef = 54BC2FCE20CAC89800B495D5 /* String+Extension.swift */; };
		54BC2FD220CAC89900B495D5 /* Bool+Extension.swift in Sources */ = {isa = PBXBuildFile; fileRef = 54BC2FCF20CAC89900B495D5 /* Bool+Extension.swift */; };
		54BC2FD320CAC89900B495D5 /* JSON+Extension.swift in Sources */ = {isa = PBXBuildFile; fileRef = 54BC2FD020CAC89900B495D5 /* JSON+Extension.swift */; };
		54C2F5FE20CD555C00815F36 /* HomeVC.swift in Sources */ = {isa = PBXBuildFile; fileRef = 54C2F5FD20CD555C00815F36 /* HomeVC.swift */; };
		54C2F60020CD6EAD00815F36 /* SearchResultsController.swift in Sources */ = {isa = PBXBuildFile; fileRef = 54C2F5FF20CD6EAC00815F36 /* SearchResultsController.swift */; };
		54D3042D20C5839300C9B622 /* AudioToolbox.framework in Frameworks */ = {isa = PBXBuildFile; fileRef = 54D3042C20C5839300C9B622 /* AudioToolbox.framework */; };
		54E772EA20E11CBE00E7E8A6 /* Profile.swift in Sources */ = {isa = PBXBuildFile; fileRef = 54E772E920E11CBE00E7E8A6 /* Profile.swift */; };
		54E772EC20E126E200E7E8A6 /* Api+Profile.swift in Sources */ = {isa = PBXBuildFile; fileRef = 54E772EB20E126E200E7E8A6 /* Api+Profile.swift */; };
		54E772EE20E1270B00E7E8A6 /* ProfileData.swift in Sources */ = {isa = PBXBuildFile; fileRef = 54E772ED20E1270B00E7E8A6 /* ProfileData.swift */; };
		54EAB5A120D9766B00C25DC1 /* Api+Orders.swift in Sources */ = {isa = PBXBuildFile; fileRef = 54EAB5A020D9766B00C25DC1 /* Api+Orders.swift */; };
		54EB127020E7A6A2005B2EB7 /* MeVC.swift in Sources */ = {isa = PBXBuildFile; fileRef = 54EB126F20E7A6A2005B2EB7 /* MeVC.swift */; };
		54F15F7420C01A7A000640D6 /* Style.swift in Sources */ = {isa = PBXBuildFile; fileRef = 54F15F7320C01A7A000640D6 /* Style.swift */; };
		54F3B9BC21074E6900FD13A9 /* GoogleService-Info.plist in Resources */ = {isa = PBXBuildFile; fileRef = 54F3B9BB21074E6900FD13A9 /* GoogleService-Info.plist */; };
		54F4DEA921011B480046BDF2 /* ChatVc.swift in Sources */ = {isa = PBXBuildFile; fileRef = 54F4DEA821011B480046BDF2 /* ChatVc.swift */; };
		54F4DEAB21011B790046BDF2 /* ChatCell.swift in Sources */ = {isa = PBXBuildFile; fileRef = 54F4DEAA21011B790046BDF2 /* ChatCell.swift */; };
		54F847AA20C9CB2100F29F92 /* TextFiled+extention.swift in Sources */ = {isa = PBXBuildFile; fileRef = 54F847A920C9CB2100F29F92 /* TextFiled+extention.swift */; };
		54FF731E20F35F3D00FD5747 /* OrdersVc.swift in Sources */ = {isa = PBXBuildFile; fileRef = 54FF731D20F35F3D00FD5747 /* OrdersVc.swift */; };
		54FF732020F35F8900FD5747 /* BarCollectionViewCell.swift in Sources */ = {isa = PBXBuildFile; fileRef = 54FF731F20F35F8900FD5747 /* BarCollectionViewCell.swift */; };
		610CC967905CAE312FAC79AD /* Pods_Halan.framework in Frameworks */ = {isa = PBXBuildFile; fileRef = 93A6483A9C6432CA3019638C /* Pods_Halan.framework */; };
/* End PBXBuildFile section */

/* Begin PBXCopyFilesBuildPhase section */
		54F3B9D3210779CE00FD13A9 /* Embed App Extensions */ = {
			isa = PBXCopyFilesBuildPhase;
			buildActionMask = 2147483647;
			dstPath = "";
			dstSubfolderSpec = 13;
			files = (
			);
			name = "Embed App Extensions";
			runOnlyForDeploymentPostprocessing = 0;
		};
/* End PBXCopyFilesBuildPhase section */

/* Begin PBXFileReference section */
		1B81AED6057CE34240BA7757 /* Pods-Halan.release.xcconfig */ = {isa = PBXFileReference; includeInIndex = 1; lastKnownFileType = text.xcconfig; name = "Pods-Halan.release.xcconfig"; path = "Pods/Target Support Files/Pods-Halan/Pods-Halan.release.xcconfig"; sourceTree = "<group>"; };
		5406DADA20F5FEFD0065E5F7 /* OrderCell.swift */ = {isa = PBXFileReference; lastKnownFileType = sourcecode.swift; path = OrderCell.swift; sourceTree = "<group>"; };
		5406DADC20F628810065E5F7 /* CurentOrder.swift */ = {isa = PBXFileReference; lastKnownFileType = sourcecode.swift; path = CurentOrder.swift; sourceTree = "<group>"; };
		5406DADE20F62E1B0065E5F7 /* OrderDetailesVC.swift */ = {isa = PBXFileReference; lastKnownFileType = sourcecode.swift; path = OrderDetailesVC.swift; sourceTree = "<group>"; };
		5407EC85210A7A4D001C8CA0 /* paymentVC.swift */ = {isa = PBXFileReference; lastKnownFileType = sourcecode.swift; path = paymentVC.swift; sourceTree = "<group>"; };
		5407EC87210A7BFF001C8CA0 /* Api+DriverPayment.swift */ = {isa = PBXFileReference; lastKnownFileType = sourcecode.swift; path = "Api+DriverPayment.swift"; sourceTree = "<group>"; };
		54095A8120EFCFC600C83A72 /* NotifactionsVC.swift */ = {isa = PBXFileReference; lastKnownFileType = sourcecode.swift; path = NotifactionsVC.swift; sourceTree = "<group>"; };
		54095A8320EFCFFB00C83A72 /* NotiViewCell.swift */ = {isa = PBXFileReference; lastKnownFileType = sourcecode.swift; path = NotiViewCell.swift; sourceTree = "<group>"; };
		54095A8520EFE40200C83A72 /* Api+Notifaction.swift */ = {isa = PBXFileReference; lastKnownFileType = sourcecode.swift; path = "Api+Notifaction.swift"; sourceTree = "<group>"; };
		54095A8720EFE46100C83A72 /* Notifactions.swift */ = {isa = PBXFileReference; lastKnownFileType = sourcecode.swift; path = Notifactions.swift; sourceTree = "<group>"; };
		54095A8920F00B2F00C83A72 /* NotifactionsDetailes.swift */ = {isa = PBXFileReference; lastKnownFileType = sourcecode.swift; path = NotifactionsDetailes.swift; sourceTree = "<group>"; };
		5416ADFE20C3296B00DCE6E6 /* Config.swift */ = {isa = PBXFileReference; fileEncoding = 4; lastKnownFileType = sourcecode.swift; path = Config.swift; sourceTree = "<group>"; };
		5416AE0120C33DE000DCE6E6 /* Helper.swift */ = {isa = PBXFileReference; fileEncoding = 4; lastKnownFileType = sourcecode.swift; path = Helper.swift; sourceTree = "<group>"; };
		5416AE0520C370DD00DCE6E6 /* Halan.entitlements */ = {isa = PBXFileReference; lastKnownFileType = text.plist.entitlements; path = Halan.entitlements; sourceTree = "<group>"; };
		54428E4020EEAFF200E378A6 /* BankAccountCell.swift */ = {isa = PBXFileReference; lastKnownFileType = sourcecode.swift; path = BankAccountCell.swift; sourceTree = "<group>"; };
		5456E22720AE492C00A43A19 /* Halan.app */ = {isa = PBXFileReference; explicitFileType = wrapper.application; includeInIndex = 0; path = Halan.app; sourceTree = BUILT_PRODUCTS_DIR; };
		5456E22A20AE492C00A43A19 /* AppDelegate.swift */ = {isa = PBXFileReference; lastKnownFileType = sourcecode.swift; path = AppDelegate.swift; sourceTree = "<group>"; };
		5456E22C20AE492C00A43A19 /* LoginVc.swift */ = {isa = PBXFileReference; lastKnownFileType = sourcecode.swift; path = LoginVc.swift; sourceTree = "<group>"; };
		5456E22F20AE492C00A43A19 /* Base */ = {isa = PBXFileReference; lastKnownFileType = file.storyboard; name = Base; path = Base.lproj/Main.storyboard; sourceTree = "<group>"; };
		5456E23120AE493D00A43A19 /* Assets.xcassets */ = {isa = PBXFileReference; lastKnownFileType = folder.assetcatalog; path = Assets.xcassets; sourceTree = "<group>"; };
		5456E23420AE493D00A43A19 /* Base */ = {isa = PBXFileReference; lastKnownFileType = file.storyboard; name = Base; path = Base.lproj/LaunchScreen.storyboard; sourceTree = "<group>"; };
		5456E23620AE493D00A43A19 /* Info.plist */ = {isa = PBXFileReference; lastKnownFileType = text.plist.xml; path = Info.plist; sourceTree = "<group>"; };
		545CE8F820D5539300488F85 /* ar */ = {isa = PBXFileReference; lastKnownFileType = text.plist.strings; name = ar; path = ar.lproj/Main.strings; sourceTree = "<group>"; };
		54663DA520DD7AA800BCCA47 /* ForgetPassVC.swift */ = {isa = PBXFileReference; lastKnownFileType = sourcecode.swift; path = ForgetPassVC.swift; sourceTree = "<group>"; };
		54664F0C20AF0E3D0086C939 /* Extentions.swift */ = {isa = PBXFileReference; fileEncoding = 4; lastKnownFileType = sourcecode.swift; path = Extentions.swift; sourceTree = "<group>"; };
		547FF00E20B0BFAE002EF1C6 /* Api+Login.swift */ = {isa = PBXFileReference; lastKnownFileType = sourcecode.swift; path = "Api+Login.swift"; sourceTree = "<group>"; };
		547FF01020B0C0BD002EF1C6 /* Api+Registration.swift */ = {isa = PBXFileReference; lastKnownFileType = sourcecode.swift; path = "Api+Registration.swift"; sourceTree = "<group>"; };
		5489741A20EE24CA006EF1E8 /* MoreVC.swift */ = {isa = PBXFileReference; lastKnownFileType = sourcecode.swift; path = MoreVC.swift; sourceTree = "<group>"; };
		5489741C20EE3491006EF1E8 /* WebViewVC.swift */ = {isa = PBXFileReference; lastKnownFileType = sourcecode.swift; path = WebViewVC.swift; sourceTree = "<group>"; };
		548B4D0F20E8F26300839347 /* ContactUs.swift */ = {isa = PBXFileReference; lastKnownFileType = sourcecode.swift; path = ContactUs.swift; sourceTree = "<group>"; };
		548B4D1120E8F5C800839347 /* Api+contactUs.swift */ = {isa = PBXFileReference; lastKnownFileType = sourcecode.swift; path = "Api+contactUs.swift"; sourceTree = "<group>"; };
		548B4D1320E904BB00839347 /* PrivacyVC.swift */ = {isa = PBXFileReference; lastKnownFileType = sourcecode.swift; path = PrivacyVC.swift; sourceTree = "<group>"; };
		548B4D1520E9075C00839347 /* Api+BankAccount.swift */ = {isa = PBXFileReference; lastKnownFileType = sourcecode.swift; path = "Api+BankAccount.swift"; sourceTree = "<group>"; };
		548B4D1720E90E4200839347 /* BankAccounts.swift */ = {isa = PBXFileReference; lastKnownFileType = sourcecode.swift; path = BankAccounts.swift; sourceTree = "<group>"; };
		548DE19420C4211D00651253 /* Firebase+Extention.swift */ = {isa = PBXFileReference; lastKnownFileType = sourcecode.swift; path = "Firebase+Extention.swift"; sourceTree = "<group>"; };
		548ED4CB20FE321A00FAF500 /* ordersModel.swift */ = {isa = PBXFileReference; lastKnownFileType = sourcecode.swift; path = ordersModel.swift; sourceTree = "<group>"; };
		5494A46021069AA900AB0DE8 /* Api+Driver.swift */ = {isa = PBXFileReference; lastKnownFileType = sourcecode.swift; path = "Api+Driver.swift"; sourceTree = "<group>"; };
		549DB4EA2109174500E02FE6 /* driverModel.swift */ = {isa = PBXFileReference; lastKnownFileType = sourcecode.swift; path = driverModel.swift; sourceTree = "<group>"; };
		54A1C77920D68EE6004011A3 /* actionCheet+extention.swift */ = {isa = PBXFileReference; lastKnownFileType = sourcecode.swift; path = "actionCheet+extention.swift"; sourceTree = "<group>"; };
		54B0900920C214CB0003813C /* RegistartionVC.swift */ = {isa = PBXFileReference; lastKnownFileType = sourcecode.swift; path = RegistartionVC.swift; sourceTree = "<group>"; };
		54B0C52920CF5D04001EDDA9 /* Directions.swift */ = {isa = PBXFileReference; lastKnownFileType = sourcecode.swift; path = Directions.swift; sourceTree = "<group>"; };
		54B0C52B20CF5E97001EDDA9 /* Api+direction.swift */ = {isa = PBXFileReference; lastKnownFileType = sourcecode.swift; path = "Api+direction.swift"; sourceTree = "<group>"; };
		54B17D732124784200F0816C /* chatModel.swift */ = {isa = PBXFileReference; lastKnownFileType = sourcecode.swift; path = chatModel.swift; sourceTree = "<group>"; };
		54B17D752124849900F0816C /* Api+Chat.swift */ = {isa = PBXFileReference; lastKnownFileType = sourcecode.swift; path = "Api+Chat.swift"; sourceTree = "<group>"; };
		54B3C1FD20C188C100EC8428 /* GradientView.swift */ = {isa = PBXFileReference; fileEncoding = 4; lastKnownFileType = sourcecode.swift; path = GradientView.swift; sourceTree = "<group>"; };
		54B9C877210CDA5E00CC856E /* ar */ = {isa = PBXFileReference; lastKnownFileType = text.plist.strings; name = ar; path = ar.lproj/InfoPlist.strings; sourceTree = "<group>"; };
		54B9C87A210CDA5E00CC856E /* ar */ = {isa = PBXFileReference; lastKnownFileType = text.plist.strings; name = ar; path = ar.lproj/Localizable.strings; sourceTree = "<group>"; };
		54BC2FCE20CAC89800B495D5 /* String+Extension.swift */ = {isa = PBXFileReference; fileEncoding = 4; lastKnownFileType = sourcecode.swift; path = "String+Extension.swift"; sourceTree = "<group>"; };
		54BC2FCF20CAC89900B495D5 /* Bool+Extension.swift */ = {isa = PBXFileReference; fileEncoding = 4; lastKnownFileType = sourcecode.swift; path = "Bool+Extension.swift"; sourceTree = "<group>"; };
		54BC2FD020CAC89900B495D5 /* JSON+Extension.swift */ = {isa = PBXFileReference; fileEncoding = 4; lastKnownFileType = sourcecode.swift; path = "JSON+Extension.swift"; sourceTree = "<group>"; };
		54C2F5FD20CD555C00815F36 /* HomeVC.swift */ = {isa = PBXFileReference; lastKnownFileType = sourcecode.swift; path = HomeVC.swift; sourceTree = "<group>"; };
		54C2F5FF20CD6EAC00815F36 /* SearchResultsController.swift */ = {isa = PBXFileReference; fileEncoding = 4; lastKnownFileType = sourcecode.swift; path = SearchResultsController.swift; sourceTree = "<group>"; };
		54D3042C20C5839300C9B622 /* AudioToolbox.framework */ = {isa = PBXFileReference; lastKnownFileType = wrapper.framework; name = AudioToolbox.framework; path = System/Library/Frameworks/AudioToolbox.framework; sourceTree = SDKROOT; };
		54E772E920E11CBE00E7E8A6 /* Profile.swift */ = {isa = PBXFileReference; lastKnownFileType = sourcecode.swift; path = Profile.swift; sourceTree = "<group>"; };
		54E772EB20E126E200E7E8A6 /* Api+Profile.swift */ = {isa = PBXFileReference; lastKnownFileType = sourcecode.swift; path = "Api+Profile.swift"; sourceTree = "<group>"; };
		54E772ED20E1270B00E7E8A6 /* ProfileData.swift */ = {isa = PBXFileReference; lastKnownFileType = sourcecode.swift; path = ProfileData.swift; sourceTree = "<group>"; };
		54EAB5A020D9766B00C25DC1 /* Api+Orders.swift */ = {isa = PBXFileReference; lastKnownFileType = sourcecode.swift; path = "Api+Orders.swift"; sourceTree = "<group>"; };
		54EB126F20E7A6A2005B2EB7 /* MeVC.swift */ = {isa = PBXFileReference; lastKnownFileType = sourcecode.swift; path = MeVC.swift; sourceTree = "<group>"; };
		54F15F7320C01A7A000640D6 /* Style.swift */ = {isa = PBXFileReference; fileEncoding = 4; lastKnownFileType = sourcecode.swift; path = Style.swift; sourceTree = "<group>"; };
		54F3B9BB21074E6900FD13A9 /* GoogleService-Info.plist */ = {isa = PBXFileReference; fileEncoding = 4; lastKnownFileType = text.plist.xml; path = "GoogleService-Info.plist"; sourceTree = "<group>"; };
		54F3B9C2210779CD00FD13A9 /* UserNotifications.framework */ = {isa = PBXFileReference; lastKnownFileType = wrapper.framework; name = UserNotifications.framework; path = System/Library/Frameworks/UserNotifications.framework; sourceTree = SDKROOT; };
		54F3B9C4210779CD00FD13A9 /* UserNotificationsUI.framework */ = {isa = PBXFileReference; lastKnownFileType = wrapper.framework; name = UserNotificationsUI.framework; path = System/Library/Frameworks/UserNotificationsUI.framework; sourceTree = SDKROOT; };
		54F4DEA821011B480046BDF2 /* ChatVc.swift */ = {isa = PBXFileReference; lastKnownFileType = sourcecode.swift; path = ChatVc.swift; sourceTree = "<group>"; };
		54F4DEAA21011B790046BDF2 /* ChatCell.swift */ = {isa = PBXFileReference; lastKnownFileType = sourcecode.swift; path = ChatCell.swift; sourceTree = "<group>"; };
		54F847A920C9CB2100F29F92 /* TextFiled+extention.swift */ = {isa = PBXFileReference; lastKnownFileType = sourcecode.swift; path = "TextFiled+extention.swift"; sourceTree = "<group>"; };
		54FF731D20F35F3D00FD5747 /* OrdersVc.swift */ = {isa = PBXFileReference; lastKnownFileType = sourcecode.swift; path = OrdersVc.swift; sourceTree = "<group>"; };
		54FF731F20F35F8900FD5747 /* BarCollectionViewCell.swift */ = {isa = PBXFileReference; lastKnownFileType = sourcecode.swift; path = BarCollectionViewCell.swift; sourceTree = "<group>"; };
		72AF262CDA2B9812992F4696 /* Pods-Halan.debug.xcconfig */ = {isa = PBXFileReference; includeInIndex = 1; lastKnownFileType = text.xcconfig; name = "Pods-Halan.debug.xcconfig"; path = "Pods/Target Support Files/Pods-Halan/Pods-Halan.debug.xcconfig"; sourceTree = "<group>"; };
		93A6483A9C6432CA3019638C /* Pods_Halan.framework */ = {isa = PBXFileReference; explicitFileType = wrapper.framework; includeInIndex = 0; path = Pods_Halan.framework; sourceTree = BUILT_PRODUCTS_DIR; };
/* End PBXFileReference section */

/* Begin PBXFrameworksBuildPhase section */
		5456E22420AE492C00A43A19 /* Frameworks */ = {
			isa = PBXFrameworksBuildPhase;
			buildActionMask = 2147483647;
			files = (
				610CC967905CAE312FAC79AD /* Pods_Halan.framework in Frameworks */,
				54D3042D20C5839300C9B622 /* AudioToolbox.framework in Frameworks */,
			);
			runOnlyForDeploymentPostprocessing = 0;
		};
/* End PBXFrameworksBuildPhase section */

/* Begin PBXGroup section */
		54095A8020EFCF9100C83A72 /* Notifactions */ = {
			isa = PBXGroup;
			children = (
				54095A8120EFCFC600C83A72 /* NotifactionsVC.swift */,
				54095A8320EFCFFB00C83A72 /* NotiViewCell.swift */,
				54095A8920F00B2F00C83A72 /* NotifactionsDetailes.swift */,
			);
			path = Notifactions;
			sourceTree = "<group>";
		};
		5416AE0020C33D9D00DCE6E6 /* helpers */ = {
			isa = PBXGroup;
			children = (
				5416AE0120C33DE000DCE6E6 /* Helper.swift */,
				5416ADFE20C3296B00DCE6E6 /* Config.swift */,
			);
			path = helpers;
			sourceTree = "<group>";
		};
		5456E21E20AE492B00A43A19 = {
			isa = PBXGroup;
			children = (
				5456E22920AE492C00A43A19 /* Halan */,
				5456E22820AE492C00A43A19 /* Products */,
				FF95A87A6CCF9AFE270EC49E /* Pods */,
				5EAF3C8DC8468E382844A340 /* Frameworks */,
			);
			sourceTree = "<group>";
		};
		5456E22820AE492C00A43A19 /* Products */ = {
			isa = PBXGroup;
			children = (
				5456E22720AE492C00A43A19 /* Halan.app */,
			);
			name = Products;
			sourceTree = "<group>";
		};
		5456E22920AE492C00A43A19 /* Halan */ = {
			isa = PBXGroup;
			children = (
				5416AE0520C370DD00DCE6E6 /* Halan.entitlements */,
				5456E24020AE5BFF00A43A19 /* Views */,
				5456E23F20AE5BF200A43A19 /* Controllers */,
				5456E23E20AE5BE200A43A19 /* Models */,
				54664F0B20AF0DE40086C939 /* Api */,
				5416AE0020C33D9D00DCE6E6 /* helpers */,
				5456E23C20AE5BAF00A43A19 /* extentions */,
				5456E23D20AE5BD300A43A19 /* Supportedfile */,
				5456E23620AE493D00A43A19 /* Info.plist */,
				54B9C879210CDA5E00CC856E /* Localizable.strings */,
				54B9C876210CDA5E00CC856E /* InfoPlist.strings */,
			);
			path = Halan;
			sourceTree = "<group>";
		};
		5456E23C20AE5BAF00A43A19 /* extentions */ = {
			isa = PBXGroup;
			children = (
				54BC2FCF20CAC89900B495D5 /* Bool+Extension.swift */,
				54BC2FD020CAC89900B495D5 /* JSON+Extension.swift */,
				54BC2FCE20CAC89800B495D5 /* String+Extension.swift */,
				54B3C1FD20C188C100EC8428 /* GradientView.swift */,
				54F15F7320C01A7A000640D6 /* Style.swift */,
				54664F0C20AF0E3D0086C939 /* Extentions.swift */,
				548DE19420C4211D00651253 /* Firebase+Extention.swift */,
				54F847A920C9CB2100F29F92 /* TextFiled+extention.swift */,
				54A1C77920D68EE6004011A3 /* actionCheet+extention.swift */,
			);
			path = extentions;
			sourceTree = "<group>";
		};
		5456E23D20AE5BD300A43A19 /* Supportedfile */ = {
			isa = PBXGroup;
			children = (
				5456E23120AE493D00A43A19 /* Assets.xcassets */,
				54F3B9BB21074E6900FD13A9 /* GoogleService-Info.plist */,
			);
			path = Supportedfile;
			sourceTree = "<group>";
		};
		5456E23E20AE5BE200A43A19 /* Models */ = {
			isa = PBXGroup;
			children = (
				54B0C52920CF5D04001EDDA9 /* Directions.swift */,
				54E772ED20E1270B00E7E8A6 /* ProfileData.swift */,
				548B4D1720E90E4200839347 /* BankAccounts.swift */,
				54095A8720EFE46100C83A72 /* Notifactions.swift */,
				548ED4CB20FE321A00FAF500 /* ordersModel.swift */,
				549DB4EA2109174500E02FE6 /* driverModel.swift */,
				54B17D732124784200F0816C /* chatModel.swift */,
			);
			path = Models;
			sourceTree = "<group>";
		};
		5456E23F20AE5BF200A43A19 /* Controllers */ = {
			isa = PBXGroup;
			children = (
				5456E22A20AE492C00A43A19 /* AppDelegate.swift */,
				54FF731C20F35EFC00FD5747 /* Orders */,
				54095A8020EFCF9100C83A72 /* Notifactions */,
				5489741920EE249D006EF1E8 /* other */,
				548B4D0E20E8EC9D00839347 /* Me */,
				5459AADB20CC25C0003724D4 /* Home */,
				54B0900820C210CE0003813C /* User */,
			);
			path = Controllers;
			sourceTree = "<group>";
		};
		5456E24020AE5BFF00A43A19 /* Views */ = {
			isa = PBXGroup;
			children = (
				5456E22E20AE492C00A43A19 /* Main.storyboard */,
				5456E23320AE493D00A43A19 /* LaunchScreen.storyboard */,
			);
			path = Views;
			sourceTree = "<group>";
		};
		5459AADB20CC25C0003724D4 /* Home */ = {
			isa = PBXGroup;
			children = (
				54C2F5FF20CD6EAC00815F36 /* SearchResultsController.swift */,
				54C2F5FD20CD555C00815F36 /* HomeVC.swift */,
			);
			path = Home;
			sourceTree = "<group>";
		};
		54664F0B20AF0DE40086C939 /* Api */ = {
			isa = PBXGroup;
			children = (
				547FF00E20B0BFAE002EF1C6 /* Api+Login.swift */,
				547FF01020B0C0BD002EF1C6 /* Api+Registration.swift */,
				54B0C52B20CF5E97001EDDA9 /* Api+direction.swift */,
				54EAB5A020D9766B00C25DC1 /* Api+Orders.swift */,
				54E772EB20E126E200E7E8A6 /* Api+Profile.swift */,
				548B4D1120E8F5C800839347 /* Api+contactUs.swift */,
				548B4D1520E9075C00839347 /* Api+BankAccount.swift */,
				54095A8520EFE40200C83A72 /* Api+Notifaction.swift */,
				5494A46021069AA900AB0DE8 /* Api+Driver.swift */,
				5407EC87210A7BFF001C8CA0 /* Api+DriverPayment.swift */,
				54B17D752124849900F0816C /* Api+Chat.swift */,
			);
			path = Api;
			sourceTree = "<group>";
		};
		5489741920EE249D006EF1E8 /* other */ = {
			isa = PBXGroup;
			children = (
				5489741A20EE24CA006EF1E8 /* MoreVC.swift */,
				5489741C20EE3491006EF1E8 /* WebViewVC.swift */,
				54428E4020EEAFF200E378A6 /* BankAccountCell.swift */,
			);
			path = other;
			sourceTree = "<group>";
		};
		548B4D0E20E8EC9D00839347 /* Me */ = {
			isa = PBXGroup;
			children = (
				54EB126F20E7A6A2005B2EB7 /* MeVC.swift */,
				548B4D0F20E8F26300839347 /* ContactUs.swift */,
				548B4D1320E904BB00839347 /* PrivacyVC.swift */,
				5407EC85210A7A4D001C8CA0 /* paymentVC.swift */,
			);
			path = Me;
			sourceTree = "<group>";
		};
		54B0900820C210CE0003813C /* User */ = {
			isa = PBXGroup;
			children = (
				5456E22C20AE492C00A43A19 /* LoginVc.swift */,
				54B0900920C214CB0003813C /* RegistartionVC.swift */,
				54663DA520DD7AA800BCCA47 /* ForgetPassVC.swift */,
				54E772E920E11CBE00E7E8A6 /* Profile.swift */,
			);
			path = User;
			sourceTree = "<group>";
		};
		54F4DEA721011AE40046BDF2 /* chat */ = {
			isa = PBXGroup;
			children = (
				54F4DEA821011B480046BDF2 /* ChatVc.swift */,
				54F4DEAA21011B790046BDF2 /* ChatCell.swift */,
			);
			path = chat;
			sourceTree = "<group>";
		};
		54FF731C20F35EFC00FD5747 /* Orders */ = {
			isa = PBXGroup;
			children = (
				54F4DEA721011AE40046BDF2 /* chat */,
				54FF731D20F35F3D00FD5747 /* OrdersVc.swift */,
				54FF731F20F35F8900FD5747 /* BarCollectionViewCell.swift */,
				5406DADA20F5FEFD0065E5F7 /* OrderCell.swift */,
				5406DADC20F628810065E5F7 /* CurentOrder.swift */,
				5406DADE20F62E1B0065E5F7 /* OrderDetailesVC.swift */,
			);
			path = Orders;
			sourceTree = "<group>";
		};
		5EAF3C8DC8468E382844A340 /* Frameworks */ = {
			isa = PBXGroup;
			children = (
				54D3042C20C5839300C9B622 /* AudioToolbox.framework */,
				93A6483A9C6432CA3019638C /* Pods_Halan.framework */,
				54F3B9C2210779CD00FD13A9 /* UserNotifications.framework */,
				54F3B9C4210779CD00FD13A9 /* UserNotificationsUI.framework */,
			);
			name = Frameworks;
			sourceTree = "<group>";
		};
		FF95A87A6CCF9AFE270EC49E /* Pods */ = {
			isa = PBXGroup;
			children = (
				72AF262CDA2B9812992F4696 /* Pods-Halan.debug.xcconfig */,
				1B81AED6057CE34240BA7757 /* Pods-Halan.release.xcconfig */,
			);
			name = Pods;
			sourceTree = "<group>";
		};
/* End PBXGroup section */

/* Begin PBXNativeTarget section */
		5456E22620AE492C00A43A19 /* Halan */ = {
			isa = PBXNativeTarget;
			buildConfigurationList = 5456E23920AE493D00A43A19 /* Build configuration list for PBXNativeTarget "Halan" */;
			buildPhases = (
				450FDA8692310AB438E8C5CA /* [CP] Check Pods Manifest.lock */,
				5456E22320AE492C00A43A19 /* Sources */,
				5456E22420AE492C00A43A19 /* Frameworks */,
				5456E22520AE492C00A43A19 /* Resources */,
				3FF2BBCDAD5D097AEFB0FA1B /* [CP] Embed Pods Frameworks */,
				D1164E65C3C07094CEC1B79E /* [CP] Copy Pods Resources */,
				54F3B9D3210779CE00FD13A9 /* Embed App Extensions */,
			);
			buildRules = (
			);
			dependencies = (
			);
			name = Halan;
			productName = Halan;
			productReference = 5456E22720AE492C00A43A19 /* Halan.app */;
			productType = "com.apple.product-type.application";
		};
/* End PBXNativeTarget section */

/* Begin PBXProject section */
		5456E21F20AE492B00A43A19 /* Project object */ = {
			isa = PBXProject;
			attributes = {
				LastSwiftUpdateCheck = 0940;
				LastUpgradeCheck = 0930;
				ORGANIZATIONNAME = alatheertech;
				TargetAttributes = {
					5456E22620AE492C00A43A19 = {
						CreatedOnToolsVersion = 9.3.1;
						LastSwiftMigration = 0940;
						SystemCapabilities = {
							com.apple.ApplicationGroups.iOS = {
								enabled = 0;
							};
							com.apple.BackgroundModes = {
								enabled = 1;
							};
							com.apple.InterAppAudio = {
								enabled = 1;
							};
							com.apple.Push = {
								enabled = 1;
							};
						};
					};
				};
			};
			buildConfigurationList = 5456E22220AE492C00A43A19 /* Build configuration list for PBXProject "Halan" */;
			compatibilityVersion = "Xcode 9.3";
			developmentRegion = en;
			hasScannedForEncodings = 0;
			knownRegions = (
				en,
				Base,
				ar,
			);
			mainGroup = 5456E21E20AE492B00A43A19;
			productRefGroup = 5456E22820AE492C00A43A19 /* Products */;
			projectDirPath = "";
			projectRoot = "";
			targets = (
				5456E22620AE492C00A43A19 /* Halan */,
			);
		};
/* End PBXProject section */

/* Begin PBXResourcesBuildPhase section */
		5456E22520AE492C00A43A19 /* Resources */ = {
			isa = PBXResourcesBuildPhase;
			buildActionMask = 2147483647;
			files = (
				5456E23520AE493D00A43A19 /* LaunchScreen.storyboard in Resources */,
				54B9C87B210CDA5E00CC856E /* Localizable.strings in Resources */,
				54F3B9BC21074E6900FD13A9 /* GoogleService-Info.plist in Resources */,
				5456E23220AE493D00A43A19 /* Assets.xcassets in Resources */,
				5456E23020AE492C00A43A19 /* Main.storyboard in Resources */,
				54B9C878210CDA5E00CC856E /* InfoPlist.strings in Resources */,
			);
			runOnlyForDeploymentPostprocessing = 0;
		};
/* End PBXResourcesBuildPhase section */

/* Begin PBXShellScriptBuildPhase section */
		3FF2BBCDAD5D097AEFB0FA1B /* [CP] Embed Pods Frameworks */ = {
			isa = PBXShellScriptBuildPhase;
			buildActionMask = 2147483647;
			files = (
			);
			inputPaths = (
				"${SRCROOT}/Pods/Target Support Files/Pods-Halan/Pods-Halan-frameworks.sh",
				"${BUILT_PRODUCTS_DIR}/Alamofire/Alamofire.framework",
				"${BUILT_PRODUCTS_DIR}/BSGridCollectionViewLayout/BSGridCollectionViewLayout.framework",
				"${BUILT_PRODUCTS_DIR}/BSImagePicker/BSImagePicker.framework",
				"${BUILT_PRODUCTS_DIR}/BSImageView/BSImageView.framework",
				"${BUILT_PRODUCTS_DIR}/ChameleonFramework/ChameleonFramework.framework",
				"${BUILT_PRODUCTS_DIR}/Font-Awesome-Swift/Font_Awesome_Swift.framework",
				"${BUILT_PRODUCTS_DIR}/GoogleUtilities/GoogleUtilities.framework",
				"${BUILT_PRODUCTS_DIR}/IQKeyboardManagerSwift/IQKeyboardManagerSwift.framework",
				"${BUILT_PRODUCTS_DIR}/Kingfisher/Kingfisher.framework",
				"${BUILT_PRODUCTS_DIR}/Protobuf/Protobuf.framework",
				"${BUILT_PRODUCTS_DIR}/SVProgressHUD/SVProgressHUD.framework",
				"${BUILT_PRODUCTS_DIR}/SwiftyJSON/SwiftyJSON.framework",
				"${BUILT_PRODUCTS_DIR}/leveldb-library/leveldb.framework",
				"${BUILT_PRODUCTS_DIR}/nanopb/nanopb.framework",
			);
			name = "[CP] Embed Pods Frameworks";
			outputPaths = (
				"${TARGET_BUILD_DIR}/${FRAMEWORKS_FOLDER_PATH}/Alamofire.framework",
				"${TARGET_BUILD_DIR}/${FRAMEWORKS_FOLDER_PATH}/BSGridCollectionViewLayout.framework",
				"${TARGET_BUILD_DIR}/${FRAMEWORKS_FOLDER_PATH}/BSImagePicker.framework",
				"${TARGET_BUILD_DIR}/${FRAMEWORKS_FOLDER_PATH}/BSImageView.framework",
				"${TARGET_BUILD_DIR}/${FRAMEWORKS_FOLDER_PATH}/ChameleonFramework.framework",
				"${TARGET_BUILD_DIR}/${FRAMEWORKS_FOLDER_PATH}/Font_Awesome_Swift.framework",
				"${TARGET_BUILD_DIR}/${FRAMEWORKS_FOLDER_PATH}/GoogleUtilities.framework",
				"${TARGET_BUILD_DIR}/${FRAMEWORKS_FOLDER_PATH}/IQKeyboardManagerSwift.framework",
				"${TARGET_BUILD_DIR}/${FRAMEWORKS_FOLDER_PATH}/Kingfisher.framework",
				"${TARGET_BUILD_DIR}/${FRAMEWORKS_FOLDER_PATH}/Protobuf.framework",
				"${TARGET_BUILD_DIR}/${FRAMEWORKS_FOLDER_PATH}/SVProgressHUD.framework",
				"${TARGET_BUILD_DIR}/${FRAMEWORKS_FOLDER_PATH}/SwiftyJSON.framework",
				"${TARGET_BUILD_DIR}/${FRAMEWORKS_FOLDER_PATH}/leveldb.framework",
				"${TARGET_BUILD_DIR}/${FRAMEWORKS_FOLDER_PATH}/nanopb.framework",
			);
			runOnlyForDeploymentPostprocessing = 0;
			shellPath = /bin/sh;
			shellScript = "\"${SRCROOT}/Pods/Target Support Files/Pods-Halan/Pods-Halan-frameworks.sh\"\n";
			showEnvVarsInLog = 0;
		};
		450FDA8692310AB438E8C5CA /* [CP] Check Pods Manifest.lock */ = {
			isa = PBXShellScriptBuildPhase;
			buildActionMask = 2147483647;
			files = (
			);
			inputPaths = (
				"${PODS_PODFILE_DIR_PATH}/Podfile.lock",
				"${PODS_ROOT}/Manifest.lock",
			);
			name = "[CP] Check Pods Manifest.lock";
			outputPaths = (
				"$(DERIVED_FILE_DIR)/Pods-Halan-checkManifestLockResult.txt",
			);
			runOnlyForDeploymentPostprocessing = 0;
			shellPath = /bin/sh;
			shellScript = "diff \"${PODS_PODFILE_DIR_PATH}/Podfile.lock\" \"${PODS_ROOT}/Manifest.lock\" > /dev/null\nif [ $? != 0 ] ; then\n    # print error to STDERR\n    echo \"error: The sandbox is not in sync with the Podfile.lock. Run 'pod install' or update your CocoaPods installation.\" >&2\n    exit 1\nfi\n# This output is used by Xcode 'outputs' to avoid re-running this script phase.\necho \"SUCCESS\" > \"${SCRIPT_OUTPUT_FILE_0}\"\n";
			showEnvVarsInLog = 0;
		};
		D1164E65C3C07094CEC1B79E /* [CP] Copy Pods Resources */ = {
			isa = PBXShellScriptBuildPhase;
			buildActionMask = 2147483647;
			files = (
			);
			inputPaths = (
				"${SRCROOT}/Pods/Target Support Files/Pods-Halan/Pods-Halan-resources.sh",
				"${PODS_ROOT}/GoogleMaps/Maps/Frameworks/GoogleMaps.framework/Resources/GoogleMaps.bundle",
				"${PODS_ROOT}/GooglePlaces/Frameworks/GooglePlaces.framework/Resources/GooglePlaces.bundle",
			);
			name = "[CP] Copy Pods Resources";
			outputPaths = (
				"${TARGET_BUILD_DIR}/${UNLOCALIZED_RESOURCES_FOLDER_PATH}/GoogleMaps.bundle",
				"${TARGET_BUILD_DIR}/${UNLOCALIZED_RESOURCES_FOLDER_PATH}/GooglePlaces.bundle",
			);
			runOnlyForDeploymentPostprocessing = 0;
			shellPath = /bin/sh;
			shellScript = "\"${SRCROOT}/Pods/Target Support Files/Pods-Halan/Pods-Halan-resources.sh\"\n";
			showEnvVarsInLog = 0;
		};
/* End PBXShellScriptBuildPhase section */

/* Begin PBXSourcesBuildPhase section */
		5456E22320AE492C00A43A19 /* Sources */ = {
			isa = PBXSourcesBuildPhase;
			buildActionMask = 2147483647;
			files = (
				547FF01120B0C0BD002EF1C6 /* Api+Registration.swift in Sources */,
				54E772EA20E11CBE00E7E8A6 /* Profile.swift in Sources */,
				54FF732020F35F8900FD5747 /* BarCollectionViewCell.swift in Sources */,
				54E772EE20E1270B00E7E8A6 /* ProfileData.swift in Sources */,
				5406DADF20F62E1B0065E5F7 /* OrderDetailesVC.swift in Sources */,
				54EB127020E7A6A2005B2EB7 /* MeVC.swift in Sources */,
				54F15F7420C01A7A000640D6 /* Style.swift in Sources */,
				548B4D1620E9075C00839347 /* Api+BankAccount.swift in Sources */,
				5416ADFF20C3296B00DCE6E6 /* Config.swift in Sources */,
				5489741D20EE3491006EF1E8 /* WebViewVC.swift in Sources */,
				54428E4120EEAFF200E378A6 /* BankAccountCell.swift in Sources */,
				548DE19520C4211D00651253 /* Firebase+Extention.swift in Sources */,
				547FF00F20B0BFAE002EF1C6 /* Api+Login.swift in Sources */,
				54B0900A20C214CB0003813C /* RegistartionVC.swift in Sources */,
				54BC2FD120CAC89900B495D5 /* String+Extension.swift in Sources */,
				54B0C52A20CF5D04001EDDA9 /* Directions.swift in Sources */,
				5494A46121069AA900AB0DE8 /* Api+Driver.swift in Sources */,
				54EAB5A120D9766B00C25DC1 /* Api+Orders.swift in Sources */,
				549DB4EB2109174500E02FE6 /* driverModel.swift in Sources */,
				54663DA620DD7AA800BCCA47 /* ForgetPassVC.swift in Sources */,
				54095A8A20F00B2F00C83A72 /* NotifactionsDetailes.swift in Sources */,
				54F847AA20C9CB2100F29F92 /* TextFiled+extention.swift in Sources */,
				54095A8420EFCFFB00C83A72 /* NotiViewCell.swift in Sources */,
				548B4D1820E90E4200839347 /* BankAccounts.swift in Sources */,
				5456E22D20AE492C00A43A19 /* LoginVc.swift in Sources */,
				54C2F60020CD6EAD00815F36 /* SearchResultsController.swift in Sources */,
				54C2F5FE20CD555C00815F36 /* HomeVC.swift in Sources */,
				548B4D1020E8F26300839347 /* ContactUs.swift in Sources */,
				54F4DEA921011B480046BDF2 /* ChatVc.swift in Sources */,
				54A1C77A20D68EE7004011A3 /* actionCheet+extention.swift in Sources */,
				5406DADD20F628820065E5F7 /* CurentOrder.swift in Sources */,
				54FF731E20F35F3D00FD5747 /* OrdersVc.swift in Sources */,
				54BC2FD220CAC89900B495D5 /* Bool+Extension.swift in Sources */,
				54095A8220EFCFC600C83A72 /* NotifactionsVC.swift in Sources */,
				54B3C1FE20C188C100EC8428 /* GradientView.swift in Sources */,
				54B0C52C20CF5E97001EDDA9 /* Api+direction.swift in Sources */,
				5489741B20EE24CA006EF1E8 /* MoreVC.swift in Sources */,
				5416AE0220C33DE000DCE6E6 /* Helper.swift in Sources */,
				54095A8620EFE40200C83A72 /* Api+Notifaction.swift in Sources */,
				54B17D742124784200F0816C /* chatModel.swift in Sources */,
				5456E22B20AE492C00A43A19 /* AppDelegate.swift in Sources */,
				548ED4CC20FE321A00FAF500 /* ordersModel.swift in Sources */,
				5407EC88210A7BFF001C8CA0 /* Api+DriverPayment.swift in Sources */,
				54BC2FD320CAC89900B495D5 /* JSON+Extension.swift in Sources */,
				54F4DEAB21011B790046BDF2 /* ChatCell.swift in Sources */,
				548B4D1420E904BB00839347 /* PrivacyVC.swift in Sources */,
				548B4D1220E8F5C800839347 /* Api+contactUs.swift in Sources */,
				5406DADB20F5FEFD0065E5F7 /* OrderCell.swift in Sources */,
				54B17D762124849900F0816C /* Api+Chat.swift in Sources */,
				54664F0D20AF0E3D0086C939 /* Extentions.swift in Sources */,
				5407EC86210A7A4D001C8CA0 /* paymentVC.swift in Sources */,
				54095A8820EFE46100C83A72 /* Notifactions.swift in Sources */,
				54E772EC20E126E200E7E8A6 /* Api+Profile.swift in Sources */,
			);
			runOnlyForDeploymentPostprocessing = 0;
		};
/* End PBXSourcesBuildPhase section */

/* Begin PBXVariantGroup section */
		5456E22E20AE492C00A43A19 /* Main.storyboard */ = {
			isa = PBXVariantGroup;
			children = (
				5456E22F20AE492C00A43A19 /* Base */,
				545CE8F820D5539300488F85 /* ar */,
			);
			name = Main.storyboard;
			sourceTree = "<group>";
		};
		5456E23320AE493D00A43A19 /* LaunchScreen.storyboard */ = {
			isa = PBXVariantGroup;
			children = (
				5456E23420AE493D00A43A19 /* Base */,
			);
			name = LaunchScreen.storyboard;
			sourceTree = "<group>";
		};
		54B9C876210CDA5E00CC856E /* InfoPlist.strings */ = {
			isa = PBXVariantGroup;
			children = (
				54B9C877210CDA5E00CC856E /* ar */,
			);
			name = InfoPlist.strings;
			sourceTree = "<group>";
		};
		54B9C879210CDA5E00CC856E /* Localizable.strings */ = {
			isa = PBXVariantGroup;
			children = (
				54B9C87A210CDA5E00CC856E /* ar */,
			);
			name = Localizable.strings;
			sourceTree = "<group>";
		};
/* End PBXVariantGroup section */

/* Begin XCBuildConfiguration section */
		5456E23720AE493D00A43A19 /* Debug */ = {
			isa = XCBuildConfiguration;
			buildSettings = {
				ALWAYS_SEARCH_USER_PATHS = NO;
				CLANG_ANALYZER_LOCALIZABILITY_NONLOCALIZED = YES;
				CLANG_ANALYZER_NONNULL = YES;
				CLANG_ANALYZER_NUMBER_OBJECT_CONVERSION = YES_AGGRESSIVE;
				CLANG_CXX_LANGUAGE_STANDARD = "gnu++14";
				CLANG_CXX_LIBRARY = "libc++";
				CLANG_ENABLE_MODULES = YES;
				CLANG_ENABLE_OBJC_ARC = YES;
				CLANG_ENABLE_OBJC_WEAK = YES;
				CLANG_WARN_BLOCK_CAPTURE_AUTORELEASING = YES;
				CLANG_WARN_BOOL_CONVERSION = YES;
				CLANG_WARN_COMMA = YES;
				CLANG_WARN_CONSTANT_CONVERSION = YES;
				CLANG_WARN_DEPRECATED_OBJC_IMPLEMENTATIONS = YES;
				CLANG_WARN_DIRECT_OBJC_ISA_USAGE = YES_ERROR;
				CLANG_WARN_DOCUMENTATION_COMMENTS = YES;
				CLANG_WARN_EMPTY_BODY = YES;
				CLANG_WARN_ENUM_CONVERSION = YES;
				CLANG_WARN_INFINITE_RECURSION = YES;
				CLANG_WARN_INT_CONVERSION = YES;
				CLANG_WARN_NON_LITERAL_NULL_CONVERSION = YES;
				CLANG_WARN_OBJC_IMPLICIT_RETAIN_SELF = YES;
				CLANG_WARN_OBJC_LITERAL_CONVERSION = YES;
				CLANG_WARN_OBJC_ROOT_CLASS = YES_ERROR;
				CLANG_WARN_RANGE_LOOP_ANALYSIS = YES;
				CLANG_WARN_STRICT_PROTOTYPES = YES;
				CLANG_WARN_SUSPICIOUS_MOVE = YES;
				CLANG_WARN_UNGUARDED_AVAILABILITY = YES_AGGRESSIVE;
				CLANG_WARN_UNREACHABLE_CODE = YES;
				CLANG_WARN__DUPLICATE_METHOD_MATCH = YES;
				CODE_SIGN_IDENTITY = "iPhone Developer";
				COPY_PHASE_STRIP = NO;
				DEBUG_INFORMATION_FORMAT = dwarf;
				ENABLE_STRICT_OBJC_MSGSEND = YES;
				ENABLE_TESTABILITY = YES;
				GCC_C_LANGUAGE_STANDARD = gnu11;
				GCC_DYNAMIC_NO_PIC = NO;
				GCC_NO_COMMON_BLOCKS = YES;
				GCC_OPTIMIZATION_LEVEL = 0;
				GCC_PREPROCESSOR_DEFINITIONS = (
					"DEBUG=1",
					"$(inherited)",
				);
				GCC_WARN_64_TO_32_BIT_CONVERSION = YES;
				GCC_WARN_ABOUT_RETURN_TYPE = YES_ERROR;
				GCC_WARN_UNDECLARED_SELECTOR = YES;
				GCC_WARN_UNINITIALIZED_AUTOS = YES_AGGRESSIVE;
				GCC_WARN_UNUSED_FUNCTION = YES;
				GCC_WARN_UNUSED_VARIABLE = YES;
				IPHONEOS_DEPLOYMENT_TARGET = 11.3;
				MTL_ENABLE_DEBUG_INFO = YES;
				ONLY_ACTIVE_ARCH = YES;
				SDKROOT = iphoneos;
				SWIFT_ACTIVE_COMPILATION_CONDITIONS = DEBUG;
				SWIFT_OPTIMIZATION_LEVEL = "-Onone";
			};
			name = Debug;
		};
		5456E23820AE493D00A43A19 /* Release */ = {
			isa = XCBuildConfiguration;
			buildSettings = {
				ALWAYS_SEARCH_USER_PATHS = NO;
				CLANG_ANALYZER_LOCALIZABILITY_NONLOCALIZED = YES;
				CLANG_ANALYZER_NONNULL = YES;
				CLANG_ANALYZER_NUMBER_OBJECT_CONVERSION = YES_AGGRESSIVE;
				CLANG_CXX_LANGUAGE_STANDARD = "gnu++14";
				CLANG_CXX_LIBRARY = "libc++";
				CLANG_ENABLE_MODULES = YES;
				CLANG_ENABLE_OBJC_ARC = YES;
				CLANG_ENABLE_OBJC_WEAK = YES;
				CLANG_WARN_BLOCK_CAPTURE_AUTORELEASING = YES;
				CLANG_WARN_BOOL_CONVERSION = YES;
				CLANG_WARN_COMMA = YES;
				CLANG_WARN_CONSTANT_CONVERSION = YES;
				CLANG_WARN_DEPRECATED_OBJC_IMPLEMENTATIONS = YES;
				CLANG_WARN_DIRECT_OBJC_ISA_USAGE = YES_ERROR;
				CLANG_WARN_DOCUMENTATION_COMMENTS = YES;
				CLANG_WARN_EMPTY_BODY = YES;
				CLANG_WARN_ENUM_CONVERSION = YES;
				CLANG_WARN_INFINITE_RECURSION = YES;
				CLANG_WARN_INT_CONVERSION = YES;
				CLANG_WARN_NON_LITERAL_NULL_CONVERSION = YES;
				CLANG_WARN_OBJC_IMPLICIT_RETAIN_SELF = YES;
				CLANG_WARN_OBJC_LITERAL_CONVERSION = YES;
				CLANG_WARN_OBJC_ROOT_CLASS = YES_ERROR;
				CLANG_WARN_RANGE_LOOP_ANALYSIS = YES;
				CLANG_WARN_STRICT_PROTOTYPES = YES;
				CLANG_WARN_SUSPICIOUS_MOVE = YES;
				CLANG_WARN_UNGUARDED_AVAILABILITY = YES_AGGRESSIVE;
				CLANG_WARN_UNREACHABLE_CODE = YES;
				CLANG_WARN__DUPLICATE_METHOD_MATCH = YES;
				CODE_SIGN_IDENTITY = "iPhone Developer";
				COPY_PHASE_STRIP = NO;
				DEBUG_INFORMATION_FORMAT = "dwarf-with-dsym";
				ENABLE_NS_ASSERTIONS = NO;
				ENABLE_STRICT_OBJC_MSGSEND = YES;
				GCC_C_LANGUAGE_STANDARD = gnu11;
				GCC_NO_COMMON_BLOCKS = YES;
				GCC_WARN_64_TO_32_BIT_CONVERSION = YES;
				GCC_WARN_ABOUT_RETURN_TYPE = YES_ERROR;
				GCC_WARN_UNDECLARED_SELECTOR = YES;
				GCC_WARN_UNINITIALIZED_AUTOS = YES_AGGRESSIVE;
				GCC_WARN_UNUSED_FUNCTION = YES;
				GCC_WARN_UNUSED_VARIABLE = YES;
				IPHONEOS_DEPLOYMENT_TARGET = 11.3;
				MTL_ENABLE_DEBUG_INFO = NO;
				SDKROOT = iphoneos;
				SWIFT_COMPILATION_MODE = wholemodule;
				SWIFT_OPTIMIZATION_LEVEL = "-O";
				VALIDATE_PRODUCT = YES;
			};
			name = Release;
		};
		5456E23A20AE493D00A43A19 /* Debug */ = {
			isa = XCBuildConfiguration;
			baseConfigurationReference = 72AF262CDA2B9812992F4696 /* Pods-Halan.debug.xcconfig */;
			buildSettings = {
				ALWAYS_EMBED_SWIFT_STANDARD_LIBRARIES = YES;
				ASSETCATALOG_COMPILER_APPICON_NAME = AppIcon;
				CLANG_ENABLE_MODULES = YES;
				CODE_SIGN_ENTITLEMENTS = Halan/Halan.entitlements;
				CODE_SIGN_STYLE = Automatic;
				DEVELOPMENT_TEAM = 7GW5AKF836;
				INFOPLIST_FILE = Halan/Info.plist;
				LD_RUNPATH_SEARCH_PATHS = "$(inherited) @executable_path/Frameworks";
				PRODUCT_BUNDLE_IDENTIFIER = com.apptech.HalanApp;
				PRODUCT_NAME = "$(TARGET_NAME)";
				SWIFT_OPTIMIZATION_LEVEL = "-Onone";
				SWIFT_VERSION = 4.0;
				TARGETED_DEVICE_FAMILY = "1,2";
			};
			name = Debug;
		};
		5456E23B20AE493D00A43A19 /* Release */ = {
			isa = XCBuildConfiguration;
			baseConfigurationReference = 1B81AED6057CE34240BA7757 /* Pods-Halan.release.xcconfig */;
			buildSettings = {
				ALWAYS_EMBED_SWIFT_STANDARD_LIBRARIES = YES;
				ASSETCATALOG_COMPILER_APPICON_NAME = AppIcon;
				CLANG_ENABLE_MODULES = YES;
				CODE_SIGN_ENTITLEMENTS = Halan/Halan.entitlements;
				CODE_SIGN_STYLE = Automatic;
				DEVELOPMENT_TEAM = 7GW5AKF836;
				INFOPLIST_FILE = Halan/Info.plist;
				LD_RUNPATH_SEARCH_PATHS = "$(inherited) @executable_path/Frameworks";
				PRODUCT_BUNDLE_IDENTIFIER = com.apptech.HalanApp;
				PRODUCT_NAME = "$(TARGET_NAME)";
				SWIFT_VERSION = 4.0;
				TARGETED_DEVICE_FAMILY = "1,2";
			};
			name = Release;
		};
/* End XCBuildConfiguration section */

/* Begin XCConfigurationList section */
		5456E22220AE492C00A43A19 /* Build configuration list for PBXProject "Halan" */ = {
			isa = XCConfigurationList;
			buildConfigurations = (
				5456E23720AE493D00A43A19 /* Debug */,
				5456E23820AE493D00A43A19 /* Release */,
			);
			defaultConfigurationIsVisible = 0;
			defaultConfigurationName = Release;
		};
		5456E23920AE493D00A43A19 /* Build configuration list for PBXNativeTarget "Halan" */ = {
			isa = XCConfigurationList;
			buildConfigurations = (
				5456E23A20AE493D00A43A19 /* Debug */,
				5456E23B20AE493D00A43A19 /* Release */,
			);
			defaultConfigurationIsVisible = 0;
			defaultConfigurationName = Release;
		};
/* End XCConfigurationList section */
	};
	rootObject = 5456E21F20AE492B00A43A19 /* Project object */;
}
